PODS:
  - Bugly (2.6.1)
  - Flutter (1.0.0)
  - flutter_bugly (0.0.1):
    - Bugly (= 2.6.1)
    - Flutter
  - fluttertoast (0.0.2):
    - Flutter
  - permission_handler_apple (9.3.0):
    - Flutter

DEPENDENCIES:
  - Flutter (from `Flutter`)
  - flutter_bugly (from `.symlinks/plugins/flutter_bugly/ios`)
  - fluttertoast (from `.symlinks/plugins/fluttertoast/ios`)
  - permission_handler_apple (from `.symlinks/plugins/permission_handler_apple/ios`)

SPEC REPOS:
  trunk:
    - Bugly

EXTERNAL SOURCES:
  Flutter:
    :path: Flutter
  flutter_bugly:
    :path: ".symlinks/plugins/flutter_bugly/ios"
  fluttertoast:
    :path: ".symlinks/plugins/fluttertoast/ios"
  permission_handler_apple:
    :path: ".symlinks/plugins/permission_handler_apple/ios"

SPEC CHECKSUMS:
  Bugly: 217ac2ce5f0f2626d43dbaa4f70764c953a26a31
  Flutter: cabc95a1d2626b1b06e7179b784ebcf0c0cde467
  flutter_bugly: a77131ff7b385a481c594830dc89aa53e8e7fbee
  fluttertoast: 2c67e14dce98bbdb200df9e1acf610d7a6264ea1
  permission_handler_apple: 4ed2196e43d0651e8ff7ca3483a069d469701f2d

PODFILE CHECKSUM: 25f43823fc559f7cecfa73a8efe6d1d379ba464d

COCOAPODS: 1.16.2
